
Microsoft Visual Studio Solution File, Format Version 12.00
# Visual Studio Version 16
VisualStudioVersion = 16.0.30804.86
MinimumVisualStudioVersion = 10.0.40219.1
Project("{FAE04EC0-301F-11D3-BF4B-00C04F79EFBC}") = "CovidRecordLib", "CovidRecordLib\CovidRecordLib.csproj", "{80906010-342A-44A9-9882-651AABB795BB}"
EndProject
Project("{FAE04EC0-301F-11D3-BF4B-00C04F79EFBC}") = "CovidRecordLibTests", "CovidRecordLibTests\CovidRecordLibTests.csproj", "{BA3C02D0-BA6F-46CE-BBFF-60D03EBECEDB}"
EndProject
Project("{FAE04EC0-301F-11D3-BF4B-00C04F79EFBC}") = "covidservice", "covidservice\covidservice.csproj", "{8A69BF74-DE40-4383-AFF7-D0030473EDB9}"
EndProject
Global
	GlobalSection(SolutionConfigurationPlatforms) = preSolution
		Debug|Any CPU = Debug|Any CPU
		Release|Any CPU = Release|Any CPU
	EndGlobalSection
	GlobalSection(ProjectConfigurationPlatforms) = postSolution
		{80906010-342A-44A9-9882-651AABB795BB}.Debug|Any CPU.ActiveCfg = Debug|Any CPU
		{80906010-342A-44A9-9882-651AABB795BB}.Debug|Any CPU.Build.0 = Debug|Any CPU
		{80906010-342A-44A9-9882-651AABB795BB}.Release|Any CPU.ActiveCfg = Release|Any CPU
		{80906010-342A-44A9-9882-651AABB795BB}.Release|Any CPU.Build.0 = Release|Any CPU
		{BA3C02D0-BA6F-46CE-BBFF-60D03EBECEDB}.Debug|Any CPU.ActiveCfg = Debug|Any CPU
		{BA3C02D0-BA6F-46CE-BBFF-60D03EBECEDB}.Debug|Any CPU.Build.0 = Debug|Any CPU
		{BA3C02D0-BA6F-46CE-BBFF-60D03EBECEDB}.Release|Any CPU.ActiveCfg = Release|Any CPU
		{BA3C02D0-BA6F-46CE-BBFF-60D03EBECEDB}.Release|Any CPU.Build.0 = Release|Any CPU
		{8A69BF74-DE40-4383-AFF7-D0030473EDB9}.Debug|Any CPU.ActiveCfg = Debug|Any CPU
		{8A69BF74-DE40-4383-AFF7-D0030473EDB9}.Debug|Any CPU.Build.0 = Debug|Any CPU
		{8A69BF74-DE40-4383-AFF7-D0030473EDB9}.Release|Any CPU.ActiveCfg = Release|Any CPU
		{8A69BF74-DE40-4383-AFF7-D0030473EDB9}.Release|Any CPU.Build.0 = Release|Any CPU
	EndGlobalSection
	GlobalSection(SolutionProperties) = preSolution
		HideSolutionNode = FALSE
	EndGlobalSection
	GlobalSection(ExtensibilityGlobals) = postSolution
		SolutionGuid = {69366ED6-2A28-4894-B8EB-011B01E0169C}
	EndGlobalSection
EndGlobal
